<?xml version="1.0" encoding="utf-8"?>
<Project ToolsVersion="4.0" xmlns="http://schemas.microsoft.com/developer/msbuild/2003">
  <ItemGroup>
    <ClCompile Include="..\..\..\ClusterTest\3rdparty\hiredis-win32\async.c">
      <Filter>Source Files</Filter>
    </ClCompile>
    <ClCompile Include="..\..\..\ClusterTest\3rdparty\hiredis-win32\dict.c">
      <Filter>Source Files</Filter>
    </ClCompile>
    <ClCompile Include="..\..\..\ClusterTest\3rdparty\hiredis-win32\hiredis.c">
      <Filter>Source Files</Filter>
    </ClCompile>
    <ClCompile Include="..\..\..\ClusterTest\3rdparty\hiredis-win32\net.c">
      <Filter>Source Files</Filter>
    </ClCompile>
    <ClCompile Include="..\..\..\ClusterTest\3rdparty\hiredis-win32\sds.c">
      <Filter>Source Files</Filter>
    </ClCompile>
    <ClCompile Include="..\..\..\ClusterTest\3rdparty\redis-win32\win32fixes.c">
      <Filter>Source Files</Filter>
    </ClCompile>
    <ClCompile Include="..\..\..\ClusterTest\3rdparty\redis-win32\win32_wsiocp.c">
      <Filter>Source Files</Filter>
    </ClCompile>
    <ClCompile Include="..\..\..\ClusterTest\3rdparty\redis-win32\zmalloc.c">
      <Filter>Source Files</Filter>
    </ClCompile>
    <ClCompile Include="..\..\..\ClusterTest\3rdparty\redis-win32\adlist.c">
      <Filter>Source Files</Filter>
    </ClCompile>
    <ClCompile Include="..\..\..\ClusterTest\3rdparty\redis-win32\ae.c">
      <Filter>Source Files</Filter>
    </ClCompile>
  </ItemGroup>
  <ItemGroup>
    <CustomBuild Include="..\..\..\ClusterTest\3rdparty\hiredis-win32\CMakeLists.txt" />
  </ItemGroup>
  <ItemGroup>
    <Filter Include="Source Files">
      <UniqueIdentifier>{6C253037-604A-4893-86DC-9918403C4E46}</UniqueIdentifier>
    </Filter>
  </ItemGroup>
</Project>
