<?xml version="1.0" encoding="utf-8"?>
<Project ToolsVersion="4.0" xmlns="http://schemas.microsoft.com/developer/msbuild/2003">
  <ItemGroup>
    <Filter Include="源文件">
      <UniqueIdentifier>{4FC737F1-C7A5-4376-A066-2A32D752A2FF}</UniqueIdentifier>
      <Extensions>cpp;c;cc;cxx;def;odl;idl;hpj;bat;asm;asmx</Extensions>
    </Filter>
    <Filter Include="头文件">
      <UniqueIdentifier>{93995380-89BD-4b04-88EB-625FBE52EBFB}</UniqueIdentifier>
      <Extensions>h;hpp;hxx;hm;inl;inc;xsd</Extensions>
    </Filter>
    <Filter Include="资源文件">
      <UniqueIdentifier>{67DA6AB6-F800-4c08-8B7A-83BB121AAD01}</UniqueIdentifier>
      <Extensions>rc;ico;cur;bmp;dlg;rc2;rct;bin;rgs;gif;jpg;jpeg;jpe;resx;tiff;tif;png;wav;mfcribbon-ms</Extensions>
    </Filter>
    <Filter Include="tinyxml">
      <UniqueIdentifier>{39e3f9bd-a0fd-45e8-9f32-f92964f1ccb6}</UniqueIdentifier>
    </Filter>
  </ItemGroup>
  <ItemGroup>
    <None Include="ReadMe.txt" />
    <None Include="res\YunTest.rc2">
      <Filter>资源文件</Filter>
    </None>
    <None Include="res\YunTest.ico">
      <Filter>资源文件</Filter>
    </None>
  </ItemGroup>
  <ItemGroup>
    <ClInclude Include="YunTest.h">
      <Filter>头文件</Filter>
    </ClInclude>
    <ClInclude Include="YunTestDlg.h">
      <Filter>头文件</Filter>
    </ClInclude>
    <ClInclude Include="stdafx.h">
      <Filter>头文件</Filter>
    </ClInclude>
    <ClInclude Include="targetver.h">
      <Filter>头文件</Filter>
    </ClInclude>
    <ClInclude Include="Resource.h">
      <Filter>头文件</Filter>
    </ClInclude>
    <ClInclude Include="RedisInfo.h">
      <Filter>头文件</Filter>
    </ClInclude>
    <ClInclude Include="GetMac.h">
      <Filter>头文件</Filter>
    </ClInclude>
    <ClInclude Include="MySocket.h">
      <Filter>头文件</Filter>
    </ClInclude>
    <ClInclude Include="tinyxml\tinystr.h">
      <Filter>tinyxml</Filter>
    </ClInclude>
    <ClInclude Include="tinyxml\tinyxml.h">
      <Filter>tinyxml</Filter>
    </ClInclude>
    <ClInclude Include="control\CheckComboBox.h">
      <Filter>头文件</Filter>
    </ClInclude>
    <ClInclude Include="LoadXml.h">
      <Filter>头文件</Filter>
    </ClInclude>
    <ClInclude Include="struct.h">
      <Filter>头文件</Filter>
    </ClInclude>
    <ClInclude Include="Pack.h">
      <Filter>头文件</Filter>
    </ClInclude>
    <ClInclude Include="Encrty.h">
      <Filter>头文件</Filter>
    </ClInclude>
    <ClInclude Include="GetSysInfomation.h">
      <Filter>头文件</Filter>
    </ClInclude>
    <ClInclude Include="IOFUN.h">
      <Filter>头文件</Filter>
    </ClInclude>
    <ClInclude Include="MutilThread.h">
      <Filter>头文件</Filter>
    </ClInclude>
    <ClInclude Include="HqSocket.h">
      <Filter>头文件</Filter>
    </ClInclude>
  </ItemGroup>
  <ItemGroup>
    <ClCompile Include="YunTest.cpp">
      <Filter>源文件</Filter>
    </ClCompile>
    <ClCompile Include="YunTestDlg.cpp">
      <Filter>源文件</Filter>
    </ClCompile>
    <ClCompile Include="stdafx.cpp">
      <Filter>源文件</Filter>
    </ClCompile>
    <ClCompile Include="RedisInfo.cpp">
      <Filter>源文件</Filter>
    </ClCompile>
    <ClCompile Include="GetMac.cpp">
      <Filter>源文件</Filter>
    </ClCompile>
    <ClCompile Include="MySocket.cpp">
      <Filter>源文件</Filter>
    </ClCompile>
    <ClCompile Include="tinyxml\tinystr.cpp">
      <Filter>tinyxml</Filter>
    </ClCompile>
    <ClCompile Include="tinyxml\tinyxml.cpp">
      <Filter>tinyxml</Filter>
    </ClCompile>
    <ClCompile Include="tinyxml\tinyxmlerror.cpp">
      <Filter>tinyxml</Filter>
    </ClCompile>
    <ClCompile Include="tinyxml\tinyxmlparser.cpp">
      <Filter>tinyxml</Filter>
    </ClCompile>
    <ClCompile Include="control\CheckComboBox.cpp">
      <Filter>源文件</Filter>
    </ClCompile>
    <ClCompile Include="LoadXml.cpp">
      <Filter>源文件</Filter>
    </ClCompile>
    <ClCompile Include="Pack.cpp">
      <Filter>源文件</Filter>
    </ClCompile>
    <ClCompile Include="Encrty.cpp">
      <Filter>源文件</Filter>
    </ClCompile>
    <ClCompile Include="GetSysInfomation.cpp">
      <Filter>源文件</Filter>
    </ClCompile>
    <ClCompile Include="IOFUN.cpp">
      <Filter>源文件</Filter>
    </ClCompile>
    <ClCompile Include="MutilThread.cpp">
      <Filter>源文件</Filter>
    </ClCompile>
    <ClCompile Include="HqSocket.cpp">
      <Filter>源文件</Filter>
    </ClCompile>
  </ItemGroup>
  <ItemGroup>
    <ResourceCompile Include="YunTest.rc">
      <Filter>资源文件</Filter>
    </ResourceCompile>
  </ItemGroup>
</Project>